{
  "meteor": {},
  "dependencies": {
    "basePackages": {
      "twit": {},
      "iron-router": {},
      "analytics": {}
    },
    "packages": {
      "twit": {
        "git": "https://github.com/subhog/meteor-twit.git",
        "tag": "v0.2.0",
        "commit": "3eb473f9efef8c77ae6a8eb6715fbdf93c4d87c0"
      },
      "iron-router": {
        "git": "https://github.com/EventedMind/iron-router.git",
        "tag": "v0.6.2",
        "commit": "ce56e58b45624dce992490f3a1c10f10d3948bae"
      },
      "analytics": {
        "git": "https://github.com/Tarangp/Meteor-Analytics.git",
        "tag": "v0.3.3",
        "commit": "ad2521caf0e5e4dc7382707416dad55fe8ac134f"
      }
    }
  }
}
