{
  "meteor": {},
  "dependencies": {
    "basePackages": {
      "twit": {},
      "spin": {},
      "streams": {},
      "moot": {},
      "iron-router": {}
    },
    "packages": {
      "twit": {
        "git": "https://github.com/subhog/meteor-twit.git",
        "tag": "v0.2.0",
        "commit": "3eb473f9efef8c77ae6a8eb6715fbdf93c4d87c0"
      },
      "spin": {
        "git": "https://github.com/SachaG/meteor-spin.git",
        "tag": "v0.2.2",
        "commit": "3f655f0016228e4195acc784c45d3e3a247dc39f"
      },
      "streams": {
        "git": "https://github.com/arunoda/meteor-streams.git",
        "tag": "v0.1.17",
        "commit": "9fcbbc9b7bf542827babc92089c19e730892a22f"
      },
      "moot": {
        "git": "https://github.com/zhouzhuojie/meteor-moot.git",
        "tag": "v0.0.1",
        "commit": "7f5b5dfc453dea4f7e79bbaf54aca3e1bc9da4c2"
      },
      "iron-router": {
        "git": "https://github.com/EventedMind/iron-router.git",
        "tag": "v0.6.2",
        "commit": "ce56e58b45624dce992490f3a1c10f10d3948bae"
      }
    }
  }
}
